// !$*UTF8*$!
{
	archiveVersion = 1;
	classes = {
	};
	objectVersion = 56;
	objects = {

/* Begin PBXBuildFile section */
		1E04D2CC292F2EF3000A3BBE /* SeoulCulturalEventApp.swift in Sources */ = {isa = PBXBuildFile; fileRef = 1E04D2CB292F2EF3000A3BBE /* SeoulCulturalEventApp.swift */; };
		1E04D2CE292F2EF3000A3BBE /* ContentView.swift in Sources */ = {isa = PBXBuildFile; fileRef = 1E04D2CD292F2EF3000A3BBE /* ContentView.swift */; };
		1E04D2D0292F2EF5000A3BBE /* Assets.xcassets in Resources */ = {isa = PBXBuildFile; fileRef = 1E04D2CF292F2EF5000A3BBE /* Assets.xcassets */; };
		1E04D2D3292F2EF5000A3BBE /* Preview Assets.xcassets in Resources */ = {isa = PBXBuildFile; fileRef = 1E04D2D2292F2EF5000A3BBE /* Preview Assets.xcassets */; };
		1E04D2DA292F2F9B000A3BBE /* WebService.swift in Sources */ = {isa = PBXBuildFile; fileRef = 1E04D2D9292F2F9B000A3BBE /* WebService.swift */; };
		1E04D2DC292F2FAB000A3BBE /* EventList.swift in Sources */ = {isa = PBXBuildFile; fileRef = 1E04D2DB292F2FAB000A3BBE /* EventList.swift */; };
		1E04D2DE292F3DD1000A3BBE /* testView.swift in Sources */ = {isa = PBXBuildFile; fileRef = 1E04D2DD292F3DD1000A3BBE /* testView.swift */; };
/* End PBXBuildFile section */

/* Begin PBXFileReference section */
		1E04D2C8292F2EF3000A3BBE /* SeoulCulturalEvent.app */ = {isa = PBXFileReference; explicitFileType = wrapper.application; includeInIndex = 0; path = SeoulCulturalEvent.app; sourceTree = BUILT_PRODUCTS_DIR; };
		1E04D2CB292F2EF3000A3BBE /* SeoulCulturalEventApp.swift */ = {isa = PBXFileReference; lastKnownFileType = sourcecode.swift; path = SeoulCulturalEventApp.swift; sourceTree = "<group>"; };
		1E04D2CD292F2EF3000A3BBE /* ContentView.swift */ = {isa = PBXFileReference; lastKnownFileType = sourcecode.swift; path = ContentView.swift; sourceTree = "<group>"; };
		1E04D2CF292F2EF5000A3BBE /* Assets.xcassets */ = {isa = PBXFileReference; lastKnownFileType = folder.assetcatalog; path = Assets.xcassets; sourceTree = "<group>"; };
		1E04D2D2292F2EF5000A3BBE /* Preview Assets.xcassets */ = {isa = PBXFileReference; lastKnownFileType = folder.assetcatalog; path = "Preview Assets.xcassets"; sourceTree = "<group>"; };
		1E04D2D9292F2F9B000A3BBE /* WebService.swift */ = {isa = PBXFileReference; lastKnownFileType = sourcecode.swift; path = WebService.swift; sourceTree = "<group>"; };
		1E04D2DB292F2FAB000A3BBE /* EventList.swift */ = {isa = PBXFileReference; lastKnownFileType = sourcecode.swift; path = EventList.swift; sourceTree = "<group>"; };
		1E04D2DD292F3DD1000A3BBE /* testView.swift */ = {isa = PBXFileReference; lastKnownFileType = sourcecode.swift; path = testView.swift; sourceTree = "<group>"; };
		1E04D2DF292F4AE5000A3BBE /* Info.plist */ = {isa = PBXFileReference; lastKnownFileType = text.plist; path = Info.plist; sourceTree = "<group>"; };
/* End PBXFileReference section */

/* Begin PBXFrameworksBuildPhase section */
		1E04D2C5292F2EF3000A3BBE /* Frameworks */ = {
			isa = PBXFrameworksBuildPhase;
			buildActionMask = 2147483647;
			files = (
			);
			runOnlyForDeploymentPostprocessing = 0;
		};
/* End PBXFrameworksBuildPhase section */

/* Begin PBXGroup section */
		1E04D2BF292F2EF3000A3BBE = {
			isa = PBXGroup;
			children = (
				1E04D2CA292F2EF3000A3BBE /* SeoulCulturalEvent */,
				1E04D2C9292F2EF3000A3BBE /* Products */,
			);
			sourceTree = "<group>";
		};
		1E04D2C9292F2EF3000A3BBE /* Products */ = {
			isa = PBXGroup;
			children = (
				1E04D2C8292F2EF3000A3BBE /* SeoulCulturalEvent.app */,
			);
			name = Products;
			sourceTree = "<group>";
		};
		1E04D2CA292F2EF3000A3BBE /* SeoulCulturalEvent */ = {
			isa = PBXGroup;
			children = (
				1E04D2DF292F4AE5000A3BBE /* Info.plist */,
				1E04D2CB292F2EF3000A3BBE /* SeoulCulturalEventApp.swift */,
				1E04D2CD292F2EF3000A3BBE /* ContentView.swift */,
				1E04D2DB292F2FAB000A3BBE /* EventList.swift */,
				1E04D2D9292F2F9B000A3BBE /* WebService.swift */,
				1E04D2DD292F3DD1000A3BBE /* testView.swift */,
				1E04D2CF292F2EF5000A3BBE /* Assets.xcassets */,
				1E04D2D1292F2EF5000A3BBE /* Preview Content */,
			);
			path = SeoulCulturalEvent;
			sourceTree = "<group>";
		};
		1E04D2D1292F2EF5000A3BBE /* Preview Content */ = {
			isa = PBXGroup;
			children = (
				1E04D2D2292F2EF5000A3BBE /* Preview Assets.xcassets */,
			);
			path = "Preview Content";
			sourceTree = "<group>";
		};
/* End PBXGroup section */

/* Begin PBXNativeTarget section */
		1E04D2C7292F2EF3000A3BBE /* SeoulCulturalEvent */ = {
			isa = PBXNativeTarget;
			buildConfigurationList = 1E04D2D6292F2EF5000A3BBE /* Build configuration list for PBXNativeTarget "SeoulCulturalEvent" */;
			buildPhases = (
				1E04D2C4292F2EF3000A3BBE /* Sources */,
				1E04D2C5292F2EF3000A3BBE /* Frameworks */,
				1E04D2C6292F2EF3000A3BBE /* Resources */,
			);
			buildRules = (
			);
			dependencies = (
			);
			name = SeoulCulturalEvent;
			productName = SeoulCulturalEvent;
			productReference = 1E04D2C8292F2EF3000A3BBE /* SeoulCulturalEvent.app */;
			productType = "com.apple.product-type.application";
		};
/* End PBXNativeTarget section */

/* Begin PBXProject section */
		1E04D2C0292F2EF3000A3BBE /* Project object */ = {
			isa = PBXProject;
			attributes = {
				BuildIndependentTargetsInParallel = 1;
				LastSwiftUpdateCheck = 1400;
				LastUpgradeCheck = 1400;
				TargetAttributes = {
					1E04D2C7292F2EF3000A3BBE = {
						CreatedOnToolsVersion = 14.0;
					};
				};
			};
			buildConfigurationList = 1E04D2C3292F2EF3000A3BBE /* Build configuration list for PBXProject "SeoulCulturalEvent" */;
			compatibilityVersion = "Xcode 14.0";
			developmentRegion = en;
			hasScannedForEncodings = 0;
			knownRegions = (
				en,
				Base,
			);
			mainGroup = 1E04D2BF292F2EF3000A3BBE;
			productRefGroup = 1E04D2C9292F2EF3000A3BBE /* Products */;
			projectDirPath = "";
			projectRoot = "";
			targets = (
				1E04D2C7292F2EF3000A3BBE /* SeoulCulturalEvent */,
			);
		};
/* End PBXProject section */

/* Begin PBXResourcesBuildPhase section */
		1E04D2C6292F2EF3000A3BBE /* Resources */ = {
			isa = PBXResourcesBuildPhase;
			buildActionMask = 2147483647;
			files = (
				1E04D2D3292F2EF5000A3BBE /* Preview Assets.xcassets in Resources */,
				1E04D2D0292F2EF5000A3BBE /* Assets.xcassets in Resources */,
			);
			runOnlyForDeploymentPostprocessing = 0;
		};
/* End PBXResourcesBuildPhase section */

/* Begin PBXSourcesBuildPhase section */
		1E04D2C4292F2EF3000A3BBE /* Sources */ = {
			isa = PBXSourcesBuildPhase;
			buildActionMask = 2147483647;
			files = (
				1E04D2DC292F2FAB000A3BBE /* EventList.swift in Sources */,
				1E04D2DE292F3DD1000A3BBE /* testView.swift in Sources */,
				1E04D2DA292F2F9B000A3BBE /* WebService.swift in Sources */,
				1E04D2CE292F2EF3000A3BBE /* ContentView.swift in Sources */,
				1E04D2CC292F2EF3000A3BBE /* SeoulCulturalEventApp.swift in Sources */,
			);
			runOnlyForDeploymentPostprocessing = 0;
		};
/* End PBXSourcesBuildPhase section */

/* Begin XCBuildConfiguration section */
		1E04D2D4292F2EF5000A3BBE /* Debug */ = {
			isa = XCBuildConfiguration;
			buildSettings = {
				ALWAYS_SEARCH_USER_PATHS = NO;
				CLANG_ANALYZER_NONNULL = YES;
				CLANG_ANALYZER_NUMBER_OBJECT_CONVERSION = YES_AGGRESSIVE;
				CLANG_CXX_LANGUAGE_STANDARD = "gnu++20";
				CLANG_ENABLE_MODULES = YES;
				CLANG_ENABLE_OBJC_ARC = YES;
				CLANG_ENABLE_OBJC_WEAK = YES;
				CLANG_WARN_BLOCK_CAPTURE_AUTORELEASING = YES;
				CLANG_WARN_BOOL_CONVERSION = YES;
				CLANG_WARN_COMMA = YES;
				CLANG_WARN_CONSTANT_CONVERSION = YES;
				CLANG_WARN_DEPRECATED_OBJC_IMPLEMENTATIONS = YES;
				CLANG_WARN_DIRECT_OBJC_ISA_USAGE = YES_ERROR;
				CLANG_WARN_DOCUMENTATION_COMMENTS = YES;
				CLANG_WARN_EMPTY_BODY = YES;
				CLANG_WARN_ENUM_CONVERSION = YES;
				CLANG_WARN_INFINITE_RECURSION = YES;
				CLANG_WARN_INT_CONVERSION = YES;
				CLANG_WARN_NON_LITERAL_NULL_CONVERSION = YES;
				CLANG_WARN_OBJC_IMPLICIT_RETAIN_SELF = YES;
				CLANG_WARN_OBJC_LITERAL_CONVERSION = YES;
				CLANG_WARN_OBJC_ROOT_CLASS = YES_ERROR;
				CLANG_WARN_QUOTED_INCLUDE_IN_FRAMEWORK_HEADER = YES;
				CLANG_WARN_RANGE_LOOP_ANALYSIS = YES;
				CLANG_WARN_STRICT_PROTOTYPES = YES;
				CLANG_WARN_SUSPICIOUS_MOVE = YES;
				CLANG_WARN_UNGUARDED_AVAILABILITY = YES_AGGRESSIVE;
				CLANG_WARN_UNREACHABLE_CODE = YES;
				CLANG_WARN__DUPLICATE_METHOD_MATCH = YES;
				COPY_PHASE_STRIP = NO;
				DEBUG_INFORMATION_FORMAT = dwarf;
				ENABLE_STRICT_OBJC_MSGSEND = YES;
				ENABLE_TESTABILITY = YES;
				GCC_C_LANGUAGE_STANDARD = gnu11;
				GCC_DYNAMIC_NO_PIC = NO;
				GCC_NO_COMMON_BLOCKS = YES;
				GCC_OPTIMIZATION_LEVEL = 0;
				GCC_PREPROCESSOR_DEFINITIONS = (
					"DEBUG=1",
					"$(inherited)",
				);
				GCC_WARN_64_TO_32_BIT_CONVERSION = YES;
				GCC_WARN_ABOUT_RETURN_TYPE = YES_ERROR;
				GCC_WARN_UNDECLARED_SELECTOR = YES;
				GCC_WARN_UNINITIALIZED_AUTOS = YES_AGGRESSIVE;
				GCC_WARN_UNUSED_FUNCTION = YES;
				GCC_WARN_UNUSED_VARIABLE = YES;
				IPHONEOS_DEPLOYMENT_TARGET = 16.0;
				MTL_ENABLE_DEBUG_INFO = INCLUDE_SOURCE;
				MTL_FAST_MATH = YES;
				ONLY_ACTIVE_ARCH = YES;
				SDKROOT = iphoneos;
				SWIFT_ACTIVE_COMPILATION_CONDITIONS = DEBUG;
				SWIFT_OPTIMIZATION_LEVEL = "-Onone";
			};
			name = Debug;
		};
		1E04D2D5292F2EF5000A3BBE /* Release */ = {
			isa = XCBuildConfiguration;
			buildSettings = {
				ALWAYS_SEARCH_USER_PATHS = NO;
				CLANG_ANALYZER_NONNULL = YES;
				CLANG_ANALYZER_NUMBER_OBJECT_CONVERSION = YES_AGGRESSIVE;
				CLANG_CXX_LANGUAGE_STANDARD = "gnu++20";
				CLANG_ENABLE_MODULES = YES;
				CLANG_ENABLE_OBJC_ARC = YES;
				CLANG_ENABLE_OBJC_WEAK = YES;
				CLANG_WARN_BLOCK_CAPTURE_AUTORELEASING = YES;
				CLANG_WARN_BOOL_CONVERSION = YES;
				CLANG_WARN_COMMA = YES;
				CLANG_WARN_CONSTANT_CONVERSION = YES;
				CLANG_WARN_DEPRECATED_OBJC_IMPLEMENTATIONS = YES;
				CLANG_WARN_DIRECT_OBJC_ISA_USAGE = YES_ERROR;
				CLANG_WARN_DOCUMENTATION_COMMENTS = YES;
				CLANG_WARN_EMPTY_BODY = YES;
				CLANG_WARN_ENUM_CONVERSION = YES;
				CLANG_WARN_INFINITE_RECURSION = YES;
				CLANG_WARN_INT_CONVERSION = YES;
				CLANG_WARN_NON_LITERAL_NULL_CONVERSION = YES;
				CLANG_WARN_OBJC_IMPLICIT_RETAIN_SELF = YES;
				CLANG_WARN_OBJC_LITERAL_CONVERSION = YES;
				CLANG_WARN_OBJC_ROOT_CLASS = YES_ERROR;
				CLANG_WARN_QUOTED_INCLUDE_IN_FRAMEWORK_HEADER = YES;
				CLANG_WARN_RANGE_LOOP_ANALYSIS = YES;
				CLANG_WARN_STRICT_PROTOTYPES = YES;
				CLANG_WARN_SUSPICIOUS_MOVE = YES;
				CLANG_WARN_UNGUARDED_AVAILABILITY = YES_AGGRESSIVE;
				CLANG_WARN_UNREACHABLE_CODE = YES;
				CLANG_WARN__DUPLICATE_METHOD_MATCH = YES;
				COPY_PHASE_STRIP = NO;
				DEBUG_INFORMATION_FORMAT = "dwarf-with-dsym";
				ENABLE_NS_ASSERTIONS = NO;
				ENABLE_STRICT_OBJC_MSGSEND = YES;
				GCC_C_LANGUAGE_STANDARD = gnu11;
				GCC_NO_COMMON_BLOCKS = YES;
				GCC_WARN_64_TO_32_BIT_CONVERSION = YES;
				GCC_WARN_ABOUT_RETURN_TYPE = YES_ERROR;
				GCC_WARN_UNDECLARED_SELECTOR = YES;
				GCC_WARN_UNINITIALIZED_AUTOS = YES_AGGRESSIVE;
				GCC_WARN_UNUSED_FUNCTION = YES;
				GCC_WARN_UNUSED_VARIABLE = YES;
				IPHONEOS_DEPLOYMENT_TARGET = 16.0;
				MTL_ENABLE_DEBUG_INFO = NO;
				MTL_FAST_MATH = YES;
				SDKROOT = iphoneos;
				SWIFT_COMPILATION_MODE = wholemodule;
				SWIFT_OPTIMIZATION_LEVEL = "-O";
				VALIDATE_PRODUCT = YES;
			};
			name = Release;
		};
		1E04D2D7292F2EF5000A3BBE /* Debug */ = {
			isa = XCBuildConfiguration;
			buildSettings = {
				ASSETCATALOG_COMPILER_APPICON_NAME = AppIcon;
				ASSETCATALOG_COMPILER_GLOBAL_ACCENT_COLOR_NAME = AccentColor;
				CODE_SIGN_STYLE = Automatic;
				CURRENT_PROJECT_VERSION = 1;
				DEVELOPMENT_ASSET_PATHS = "\"SeoulCulturalEvent/Preview Content\"";
				DEVELOPMENT_TEAM = 4RG9LBF3XF;
				ENABLE_PREVIEWS = YES;
				GENERATE_INFOPLIST_FILE = YES;
				INFOPLIST_FILE = SeoulCulturalEvent/Info.plist;
				INFOPLIST_KEY_UIApplicationSceneManifest_Generation = YES;
				INFOPLIST_KEY_UIApplicationSupportsIndirectInputEvents = YES;
				INFOPLIST_KEY_UILaunchScreen_Generation = YES;
				INFOPLIST_KEY_UISupportedInterfaceOrientations_iPad = "UIInterfaceOrientationPortrait UIInterfaceOrientationPortraitUpsideDown UIInterfaceOrientationLandscapeLeft UIInterfaceOrientationLandscapeRight";
				INFOPLIST_KEY_UISupportedInterfaceOrientations_iPhone = "UIInterfaceOrientationPortrait UIInterfaceOrientationLandscapeLeft UIInterfaceOrientationLandscapeRight";
				LD_RUNPATH_SEARCH_PATHS = (
					"$(inherited)",
					"@executable_path/Frameworks",
				);
				MARKETING_VERSION = 1.0;
				PRODUCT_BUNDLE_IDENTIFIER = jina.SeoulCulturalEvent;
				PRODUCT_NAME = "$(TARGET_NAME)";
				SWIFT_EMIT_LOC_STRINGS = YES;
				SWIFT_VERSION = 5.0;
				TARGETED_DEVICE_FAMILY = "1,2";
			};
			name = Debug;
		};
		1E04D2D8292F2EF5000A3BBE /* Release */ = {
			isa = XCBuildConfiguration;
			buildSettings = {
				ASSETCATALOG_COMPILER_APPICON_NAME = AppIcon;
				ASSETCATALOG_COMPILER_GLOBAL_ACCENT_COLOR_NAME = AccentColor;
				CODE_SIGN_STYLE = Automatic;
				CURRENT_PROJECT_VERSION = 1;
				DEVELOPMENT_ASSET_PATHS = "\"SeoulCulturalEvent/Preview Content\"";
				DEVELOPMENT_TEAM = 4RG9LBF3XF;
				ENABLE_PREVIEWS = YES;
				GENERATE_INFOPLIST_FILE = YES;
				INFOPLIST_FILE = SeoulCulturalEvent/Info.plist;
				INFOPLIST_KEY_UIApplicationSceneManifest_Generation = YES;
				INFOPLIST_KEY_UIApplicationSupportsIndirectInputEvents = YES;
				INFOPLIST_KEY_UILaunchScreen_Generation = YES;
				INFOPLIST_KEY_UISupportedInterfaceOrientations_iPad = "UIInterfaceOrientationPortrait UIInterfaceOrientationPortraitUpsideDown UIInterfaceOrientationLandscapeLeft UIInterfaceOrientationLandscapeRight";
				INFOPLIST_KEY_UISupportedInterfaceOrientations_iPhone = "UIInterfaceOrientationPortrait UIInterfaceOrientationLandscapeLeft UIInterfaceOrientationLandscapeRight";
				LD_RUNPATH_SEARCH_PATHS = (
					"$(inherited)",
					"@executable_path/Frameworks",
				);
				MARKETING_VERSION = 1.0;
				PRODUCT_BUNDLE_IDENTIFIER = jina.SeoulCulturalEvent;
				PRODUCT_NAME = "$(TARGET_NAME)";
				SWIFT_EMIT_LOC_STRINGS = YES;
				SWIFT_VERSION = 5.0;
				TARGETED_DEVICE_FAMILY = "1,2";
			};
			name = Release;
		};
/* End XCBuildConfiguration section */

/* Begin XCConfigurationList section */
		1E04D2C3292F2EF3000A3BBE /* Build configuration list for PBXProject "SeoulCulturalEvent" */ = {
			isa = XCConfigurationList;
			buildConfigurations = (
				1E04D2D4292F2EF5000A3BBE /* Debug */,
				1E04D2D5292F2EF5000A3BBE /* Release */,
			);
			defaultConfigurationIsVisible = 0;
			defaultConfigurationName = Release;
		};
		1E04D2D6292F2EF5000A3BBE /* Build configuration list for PBXNativeTarget "SeoulCulturalEvent" */ = {
			isa = XCConfigurationList;
			buildConfigurations = (
				1E04D2D7292F2EF5000A3BBE /* Debug */,
				1E04D2D8292F2EF5000A3BBE /* Release */,
			);
			defaultConfigurationIsVisible = 0;
			defaultConfigurationName = Release;
		};
/* End XCConfigurationList section */
	};
	rootObject = 1E04D2C0292F2EF3000A3BBE /* Project object */;
}
